Microsoft Visual Studio Solution File, Format Version 12.00
# Visual Studio Version 17
VisualStudioVersion = 17.5.2.0
MinimumVisualStudioVersion = 10.0.40219.1
Project("{2150E333-8FDC-42A3-9474-1A3956D46DE8}") = "RIOTNET", "RIOTNET", "{575529A5-5901-47C3-464B-0ACA33E6D96B}"
EndProject
Project("{FAE04EC0-301F-11D3-BF4B-00C04F79EFBC}") = "RiotWebProfiles", "RIOTNET\RiotWebProfiles\RiotWebProfiles.csproj", "{53AF9D30-2EED-16B8-4EB1-C6710DC4896E}"
EndProject
Global
	GlobalSection(SolutionConfigurationPlatforms) = preSolution
		Debug|Any CPU = Debug|Any CPU
		Release|Any CPU = Release|Any CPU
	EndGlobalSection
	GlobalSection(ProjectConfigurationPlatforms) = postSolution
		{53AF9D30-2EED-16B8-4EB1-C6710DC4896E}.Debug|Any CPU.ActiveCfg = Debug|Any CPU
		{53AF9D30-2EED-16B8-4EB1-C6710DC4896E}.Debug|Any CPU.Build.0 = Debug|Any CPU
		{53AF9D30-2EED-16B8-4EB1-C6710DC4896E}.Release|Any CPU.ActiveCfg = Release|Any CPU
		{53AF9D30-2EED-16B8-4EB1-C6710DC4896E}.Release|Any CPU.Build.0 = Release|Any CPU
	EndGlobalSection
	GlobalSection(SolutionProperties) = preSolution
		HideSolutionNode = FALSE
	EndGlobalSection
	GlobalSection(NestedProjects) = preSolution
		{53AF9D30-2EED-16B8-4EB1-C6710DC4896E} = {575529A5-5901-47C3-464B-0ACA33E6D96B}
	EndGlobalSection
	GlobalSection(ExtensibilityGlobals) = postSolution
		SolutionGuid = {A60A0D3A-757D-42A5-BB08-B90AB7438E2D}
	EndGlobalSection
EndGlobal
